<?xml version="1.0" encoding="UTF-8" standalone="yes" ?>
<CodeBlocks_project_file>
	<FileVersion major="1" minor="6" />
	<Project>
		<Option title="game1" />
		<Option pch_mode="2" />
		<Option compiler="gcc" />
		<Build>
			<Target title="Debug">
				<Option output="bin/Debug/game1" prefix_auto="1" extension_auto="1" />
				<Option object_output="obj/Debug/" />
				<Option type="1" />
				<Option compiler="gcc" />
				<Compiler>
					<Add option="-g" />
				</Compiler>
			</Target>
			<Target title="Release">
				<Option output="bin/Release/game1" prefix_auto="1" extension_auto="1" />
				<Option object_output="obj/Release/" />
				<Option type="1" />
				<Option compiler="gcc" />
				<Compiler>
					<Add option="-O2" />
				</Compiler>
				<Linker>
					<Add option="-s" />
				</Linker>
			</Target>
		</Build>
		<Compiler>
			<Add option="-Wall" />
			<Add option="-fexceptions" />
		</Compiler>
		<Unit filename="Spongebob.png" />
		<Unit filename="background2.png" />
		<Unit filename="backgroundmenu.png" />
		<Unit filename="bg2.png" />
		<Unit filename="bikiniBottom.jpg" />
		<Unit filename="freefire.mp3" />
		<Unit filename="hello.cpp" />
		<Unit filename="hello.h" />
		<Unit filename="hinh-nen-naruto-1.jpg" />
		<Unit filename="human64x91.png" />
		<Unit filename="main.cpp" />
		<Unit filename="math.h" />
		<Unit filename="menu.cpp" />
		<Unit filename="menu.h" />
		<Unit filename="movea.cpp" />
		<Unit filename="movea.h" />
		<Unit filename="sdl_image.cbp" />
		<Extensions>
			<lib_finder disable_auto="1" />
		</Extensions>
	</Project>
</CodeBlocks_project_file>
